
Microsoft Visual Studio Solution File, Format Version 12.00
# Visual Studio 15
VisualStudioVersion = 15.0.26124.0
MinimumVisualStudioVersion = 15.0.26124.0
Project("{2150E333-8FDC-42A3-9474-1A3956D46DE8}") = "src", "src", "{8088AA03-E784-4271-886A-6541479A345D}"
EndProject
Project("{FAE04EC0-301F-11D3-BF4B-00C04F79EFBC}") = "Domain", "src\Domain\Domain.csproj", "{33867678-07F2-4D86-9C0F-889C8EBDAB47}"
EndProject
Project("{FAE04EC0-301F-11D3-BF4B-00C04F79EFBC}") = "Application", "src\Application\Application.csproj", "{DAA5B035-7A8D-47B5-A377-A93513C271BD}"
EndProject
Project("{FAE04EC0-301F-11D3-BF4B-00C04F79EFBC}") = "Tests", "tests\Tests.csproj", "{6FDE85A4-A34E-4859-B29D-5C5609409CCC}"
EndProject
Project("{FAE04EC0-301F-11D3-BF4B-00C04F79EFBC}") = "Infrastructure", "src\Infrastructure\Infrastructure.csproj", "{805AF5C1-9A33-42CB-B6CA-8FD9442911FA}"
EndProject
Project("{FAE04EC0-301F-11D3-BF4B-00C04F79EFBC}") = "Presentation", "src\Presentation\Presentation.csproj", "{2B16D55C-ACD7-4B3E-BEB0-08077A454CCB}"
EndProject
Global
	GlobalSection(SolutionConfigurationPlatforms) = preSolution
		Debug|Any CPU = Debug|Any CPU
		Debug|x64 = Debug|x64
		Debug|x86 = Debug|x86
		Release|Any CPU = Release|Any CPU
		Release|x64 = Release|x64
		Release|x86 = Release|x86
	EndGlobalSection
	GlobalSection(SolutionProperties) = preSolution
		HideSolutionNode = FALSE
	EndGlobalSection
	GlobalSection(ProjectConfigurationPlatforms) = postSolution
		{5F879190-9381-4595-B333-8B7FBAA52A11}.Debug|Any CPU.ActiveCfg = Debug|Any CPU
		{5F879190-9381-4595-B333-8B7FBAA52A11}.Debug|Any CPU.Build.0 = Debug|Any CPU
		{5F879190-9381-4595-B333-8B7FBAA52A11}.Debug|x64.ActiveCfg = Debug|Any CPU
		{5F879190-9381-4595-B333-8B7FBAA52A11}.Debug|x64.Build.0 = Debug|Any CPU
		{5F879190-9381-4595-B333-8B7FBAA52A11}.Debug|x86.ActiveCfg = Debug|Any CPU
		{5F879190-9381-4595-B333-8B7FBAA52A11}.Debug|x86.Build.0 = Debug|Any CPU
		{5F879190-9381-4595-B333-8B7FBAA52A11}.Release|Any CPU.ActiveCfg = Release|Any CPU
		{5F879190-9381-4595-B333-8B7FBAA52A11}.Release|Any CPU.Build.0 = Release|Any CPU
		{5F879190-9381-4595-B333-8B7FBAA52A11}.Release|x64.ActiveCfg = Release|Any CPU
		{5F879190-9381-4595-B333-8B7FBAA52A11}.Release|x64.Build.0 = Release|Any CPU
		{5F879190-9381-4595-B333-8B7FBAA52A11}.Release|x86.ActiveCfg = Release|Any CPU
		{5F879190-9381-4595-B333-8B7FBAA52A11}.Release|x86.Build.0 = Release|Any CPU
		{33867678-07F2-4D86-9C0F-889C8EBDAB47}.Debug|Any CPU.ActiveCfg = Debug|Any CPU
		{33867678-07F2-4D86-9C0F-889C8EBDAB47}.Debug|Any CPU.Build.0 = Debug|Any CPU
		{33867678-07F2-4D86-9C0F-889C8EBDAB47}.Debug|x64.ActiveCfg = Debug|Any CPU
		{33867678-07F2-4D86-9C0F-889C8EBDAB47}.Debug|x64.Build.0 = Debug|Any CPU
		{33867678-07F2-4D86-9C0F-889C8EBDAB47}.Debug|x86.ActiveCfg = Debug|Any CPU
		{33867678-07F2-4D86-9C0F-889C8EBDAB47}.Debug|x86.Build.0 = Debug|Any CPU
		{33867678-07F2-4D86-9C0F-889C8EBDAB47}.Release|Any CPU.ActiveCfg = Release|Any CPU
		{33867678-07F2-4D86-9C0F-889C8EBDAB47}.Release|Any CPU.Build.0 = Release|Any CPU
		{33867678-07F2-4D86-9C0F-889C8EBDAB47}.Release|x64.ActiveCfg = Release|Any CPU
		{33867678-07F2-4D86-9C0F-889C8EBDAB47}.Release|x64.Build.0 = Release|Any CPU
		{33867678-07F2-4D86-9C0F-889C8EBDAB47}.Release|x86.ActiveCfg = Release|Any CPU
		{33867678-07F2-4D86-9C0F-889C8EBDAB47}.Release|x86.Build.0 = Release|Any CPU
		{DAA5B035-7A8D-47B5-A377-A93513C271BD}.Debug|Any CPU.ActiveCfg = Debug|Any CPU
		{DAA5B035-7A8D-47B5-A377-A93513C271BD}.Debug|Any CPU.Build.0 = Debug|Any CPU
		{DAA5B035-7A8D-47B5-A377-A93513C271BD}.Debug|x64.ActiveCfg = Debug|Any CPU
		{DAA5B035-7A8D-47B5-A377-A93513C271BD}.Debug|x64.Build.0 = Debug|Any CPU
		{DAA5B035-7A8D-47B5-A377-A93513C271BD}.Debug|x86.ActiveCfg = Debug|Any CPU
		{DAA5B035-7A8D-47B5-A377-A93513C271BD}.Debug|x86.Build.0 = Debug|Any CPU
		{DAA5B035-7A8D-47B5-A377-A93513C271BD}.Release|Any CPU.ActiveCfg = Release|Any CPU
		{DAA5B035-7A8D-47B5-A377-A93513C271BD}.Release|Any CPU.Build.0 = Release|Any CPU
		{DAA5B035-7A8D-47B5-A377-A93513C271BD}.Release|x64.ActiveCfg = Release|Any CPU
		{DAA5B035-7A8D-47B5-A377-A93513C271BD}.Release|x64.Build.0 = Release|Any CPU
		{DAA5B035-7A8D-47B5-A377-A93513C271BD}.Release|x86.ActiveCfg = Release|Any CPU
		{DAA5B035-7A8D-47B5-A377-A93513C271BD}.Release|x86.Build.0 = Release|Any CPU
		{6FDE85A4-A34E-4859-B29D-5C5609409CCC}.Debug|Any CPU.ActiveCfg = Debug|Any CPU
		{6FDE85A4-A34E-4859-B29D-5C5609409CCC}.Debug|Any CPU.Build.0 = Debug|Any CPU
		{6FDE85A4-A34E-4859-B29D-5C5609409CCC}.Debug|x64.ActiveCfg = Debug|Any CPU
		{6FDE85A4-A34E-4859-B29D-5C5609409CCC}.Debug|x64.Build.0 = Debug|Any CPU
		{6FDE85A4-A34E-4859-B29D-5C5609409CCC}.Debug|x86.ActiveCfg = Debug|Any CPU
		{6FDE85A4-A34E-4859-B29D-5C5609409CCC}.Debug|x86.Build.0 = Debug|Any CPU
		{6FDE85A4-A34E-4859-B29D-5C5609409CCC}.Release|Any CPU.ActiveCfg = Release|Any CPU
		{6FDE85A4-A34E-4859-B29D-5C5609409CCC}.Release|Any CPU.Build.0 = Release|Any CPU
		{6FDE85A4-A34E-4859-B29D-5C5609409CCC}.Release|x64.ActiveCfg = Release|Any CPU
		{6FDE85A4-A34E-4859-B29D-5C5609409CCC}.Release|x64.Build.0 = Release|Any CPU
		{6FDE85A4-A34E-4859-B29D-5C5609409CCC}.Release|x86.ActiveCfg = Release|Any CPU
		{6FDE85A4-A34E-4859-B29D-5C5609409CCC}.Release|x86.Build.0 = Release|Any CPU
		{805AF5C1-9A33-42CB-B6CA-8FD9442911FA}.Debug|Any CPU.ActiveCfg = Debug|Any CPU
		{805AF5C1-9A33-42CB-B6CA-8FD9442911FA}.Debug|Any CPU.Build.0 = Debug|Any CPU
		{805AF5C1-9A33-42CB-B6CA-8FD9442911FA}.Debug|x64.ActiveCfg = Debug|Any CPU
		{805AF5C1-9A33-42CB-B6CA-8FD9442911FA}.Debug|x64.Build.0 = Debug|Any CPU
		{805AF5C1-9A33-42CB-B6CA-8FD9442911FA}.Debug|x86.ActiveCfg = Debug|Any CPU
		{805AF5C1-9A33-42CB-B6CA-8FD9442911FA}.Debug|x86.Build.0 = Debug|Any CPU
		{805AF5C1-9A33-42CB-B6CA-8FD9442911FA}.Release|Any CPU.ActiveCfg = Release|Any CPU
		{805AF5C1-9A33-42CB-B6CA-8FD9442911FA}.Release|Any CPU.Build.0 = Release|Any CPU
		{805AF5C1-9A33-42CB-B6CA-8FD9442911FA}.Release|x64.ActiveCfg = Release|Any CPU
		{805AF5C1-9A33-42CB-B6CA-8FD9442911FA}.Release|x64.Build.0 = Release|Any CPU
		{805AF5C1-9A33-42CB-B6CA-8FD9442911FA}.Release|x86.ActiveCfg = Release|Any CPU
		{805AF5C1-9A33-42CB-B6CA-8FD9442911FA}.Release|x86.Build.0 = Release|Any CPU
		{2B16D55C-ACD7-4B3E-BEB0-08077A454CCB}.Debug|Any CPU.ActiveCfg = Debug|Any CPU
		{2B16D55C-ACD7-4B3E-BEB0-08077A454CCB}.Debug|Any CPU.Build.0 = Debug|Any CPU
		{2B16D55C-ACD7-4B3E-BEB0-08077A454CCB}.Debug|x64.ActiveCfg = Debug|Any CPU
		{2B16D55C-ACD7-4B3E-BEB0-08077A454CCB}.Debug|x64.Build.0 = Debug|Any CPU
		{2B16D55C-ACD7-4B3E-BEB0-08077A454CCB}.Debug|x86.ActiveCfg = Debug|Any CPU
		{2B16D55C-ACD7-4B3E-BEB0-08077A454CCB}.Debug|x86.Build.0 = Debug|Any CPU
		{2B16D55C-ACD7-4B3E-BEB0-08077A454CCB}.Release|Any CPU.ActiveCfg = Release|Any CPU
		{2B16D55C-ACD7-4B3E-BEB0-08077A454CCB}.Release|Any CPU.Build.0 = Release|Any CPU
		{2B16D55C-ACD7-4B3E-BEB0-08077A454CCB}.Release|x64.ActiveCfg = Release|Any CPU
		{2B16D55C-ACD7-4B3E-BEB0-08077A454CCB}.Release|x64.Build.0 = Release|Any CPU
		{2B16D55C-ACD7-4B3E-BEB0-08077A454CCB}.Release|x86.ActiveCfg = Release|Any CPU
		{2B16D55C-ACD7-4B3E-BEB0-08077A454CCB}.Release|x86.Build.0 = Release|Any CPU
	EndGlobalSection
	GlobalSection(NestedProjects) = preSolution
		{33867678-07F2-4D86-9C0F-889C8EBDAB47} = {8088AA03-E784-4271-886A-6541479A345D}
		{DAA5B035-7A8D-47B5-A377-A93513C271BD} = {8088AA03-E784-4271-886A-6541479A345D}
		{805AF5C1-9A33-42CB-B6CA-8FD9442911FA} = {8088AA03-E784-4271-886A-6541479A345D}
		{2B16D55C-ACD7-4B3E-BEB0-08077A454CCB} = {8088AA03-E784-4271-886A-6541479A345D}
	EndGlobalSection
EndGlobal
